
Microsoft Visual Studio Solution File, Format Version 12.00
# Visual Studio Version 16
VisualStudioVersion = 16.0.30717.126
MinimumVisualStudioVersion = 10.0.40219.1
Project("{FAE04EC0-301F-11D3-BF4B-00C04F79EFBC}") = "Ecommerse", "Ecommerse\Ecommerse.csproj", "{7815862D-C759-4837-9ED4-B26AAD7F7629}"
EndProject
Global
	GlobalSection(SolutionConfigurationPlatforms) = preSolution
		Debug|Any CPU = Debug|Any CPU
		Release|Any CPU = Release|Any CPU
	EndGlobalSection
	GlobalSection(ProjectConfigurationPlatforms) = postSolution
		{7815862D-C759-4837-9ED4-B26AAD7F7629}.Debug|Any CPU.ActiveCfg = Debug|Any CPU
		{7815862D-C759-4837-9ED4-B26AAD7F7629}.Debug|Any CPU.Build.0 = Debug|Any CPU
		{7815862D-C759-4837-9ED4-B26AAD7F7629}.Release|Any CPU.ActiveCfg = Release|Any CPU
		{7815862D-C759-4837-9ED4-B26AAD7F7629}.Release|Any CPU.Build.0 = Release|Any CPU
	EndGlobalSection
	GlobalSection(SolutionProperties) = preSolution
		HideSolutionNode = FALSE
	EndGlobalSection
	GlobalSection(ExtensibilityGlobals) = postSolution
		SolutionGuid = {45EFE0AA-48A8-4E9F-B74E-441A27CAE4A3}
	EndGlobalSection
EndGlobal
